
Microsoft Visual Studio Solution File, Format Version 12.00
# Visual Studio Version 17
VisualStudioVersion = 17.3.32929.385
MinimumVisualStudioVersion = 10.0.40219.1
Project("{9A19103F-16F7-4668-BE54-9A1E7A4F7556}") = "Rabbit.Producer", "Test\Rabbit.Producer\Rabbit.Producer.csproj", "{5B17CDAB-6066-4883-BD8A-5D61B36EF97B}"
EndProject
Project("{9A19103F-16F7-4668-BE54-9A1E7A4F7556}") = "Rabbit.Consumer", "Test\Rabbit.Consumer\Rabbit.Consumer.csproj", "{F82CF68B-AF0B-40F3-B18F-A365C47239B7}"
EndProject
Project("{2150E333-8FDC-42A3-9474-1A3956D46DE8}") = "Test", "Test", "{82687EF3-5F09-41F2-9F02-B9637C1810A3}"
EndProject
Project("{2150E333-8FDC-42A3-9474-1A3956D46DE8}") = "Microservices", "Microservices", "{53FDDDE0-185F-4294-934D-8CA029D61711}"
EndProject
Project("{2150E333-8FDC-42A3-9474-1A3956D46DE8}") = "Domain", "Domain", "{4B7A08AF-7EB6-4452-8DA0-AD159B26280C}"
EndProject
Project("{2150E333-8FDC-42A3-9474-1A3956D46DE8}") = "Infrastructure.Bus", "Infrastructure.Bus", "{8AAB3463-3F2A-4107-8CE8-E1294B48A0F0}"
EndProject
Project("{2150E333-8FDC-42A3-9474-1A3956D46DE8}") = "Infrastructure.Ioc", "Infrastructure.Ioc", "{3F400BE3-4055-4C46-AE53-D18F18EFE2D1}"
EndProject
Project("{2150E333-8FDC-42A3-9474-1A3956D46DE8}") = "Presentation", "Presentation", "{3B64E763-5FB8-403B-94CF-29D0BF35ECB5}"
EndProject
Project("{FAE04EC0-301F-11D3-BF4B-00C04F79EFBC}") = "Rabbit.Domain.Core", "Domain\Rabbit.Domain.Core\Rabbit.Domain.Core.csproj", "{62B79C6B-214C-45B9-B365-3B45069288BA}"
EndProject
Global
	GlobalSection(SolutionConfigurationPlatforms) = preSolution
		Debug|Any CPU = Debug|Any CPU
		Release|Any CPU = Release|Any CPU
	EndGlobalSection
	GlobalSection(ProjectConfigurationPlatforms) = postSolution
		{5B17CDAB-6066-4883-BD8A-5D61B36EF97B}.Debug|Any CPU.ActiveCfg = Debug|Any CPU
		{5B17CDAB-6066-4883-BD8A-5D61B36EF97B}.Debug|Any CPU.Build.0 = Debug|Any CPU
		{5B17CDAB-6066-4883-BD8A-5D61B36EF97B}.Release|Any CPU.ActiveCfg = Release|Any CPU
		{5B17CDAB-6066-4883-BD8A-5D61B36EF97B}.Release|Any CPU.Build.0 = Release|Any CPU
		{F82CF68B-AF0B-40F3-B18F-A365C47239B7}.Debug|Any CPU.ActiveCfg = Debug|Any CPU
		{F82CF68B-AF0B-40F3-B18F-A365C47239B7}.Debug|Any CPU.Build.0 = Debug|Any CPU
		{F82CF68B-AF0B-40F3-B18F-A365C47239B7}.Release|Any CPU.ActiveCfg = Release|Any CPU
		{F82CF68B-AF0B-40F3-B18F-A365C47239B7}.Release|Any CPU.Build.0 = Release|Any CPU
		{62B79C6B-214C-45B9-B365-3B45069288BA}.Debug|Any CPU.ActiveCfg = Debug|Any CPU
		{62B79C6B-214C-45B9-B365-3B45069288BA}.Debug|Any CPU.Build.0 = Debug|Any CPU
		{62B79C6B-214C-45B9-B365-3B45069288BA}.Release|Any CPU.ActiveCfg = Release|Any CPU
		{62B79C6B-214C-45B9-B365-3B45069288BA}.Release|Any CPU.Build.0 = Release|Any CPU
	EndGlobalSection
	GlobalSection(SolutionProperties) = preSolution
		HideSolutionNode = FALSE
	EndGlobalSection
	GlobalSection(NestedProjects) = preSolution
		{5B17CDAB-6066-4883-BD8A-5D61B36EF97B} = {82687EF3-5F09-41F2-9F02-B9637C1810A3}
		{F82CF68B-AF0B-40F3-B18F-A365C47239B7} = {82687EF3-5F09-41F2-9F02-B9637C1810A3}
		{62B79C6B-214C-45B9-B365-3B45069288BA} = {4B7A08AF-7EB6-4452-8DA0-AD159B26280C}
	EndGlobalSection
	GlobalSection(ExtensibilityGlobals) = postSolution
		SolutionGuid = {471EC5F9-9A65-4CF6-8C5F-1B1431239AB5}
	EndGlobalSection
EndGlobal
