
Microsoft Visual Studio Solution File, Format Version 12.00
# Visual Studio Version 17
VisualStudioVersion = 17.3.32929.385
MinimumVisualStudioVersion = 10.0.40219.1
Project("{FAE04EC0-301F-11D3-BF4B-00C04F79EFBC}") = "Rabbit.Producer", "Rabbit.Producer\Rabbit.Producer.csproj", "{5B17CDAB-6066-4883-BD8A-5D61B36EF97B}"
EndProject
Project("{FAE04EC0-301F-11D3-BF4B-00C04F79EFBC}") = "Rabbit.Consumer", "Rabbit.Consumer\Rabbit.Consumer.csproj", "{F82CF68B-AF0B-40F3-B18F-A365C47239B7}"
EndProject
Global
	GlobalSection(SolutionConfigurationPlatforms) = preSolution
		Debug|Any CPU = Debug|Any CPU
		Release|Any CPU = Release|Any CPU
	EndGlobalSection
	GlobalSection(ProjectConfigurationPlatforms) = postSolution
		{5B17CDAB-6066-4883-BD8A-5D61B36EF97B}.Debug|Any CPU.ActiveCfg = Debug|Any CPU
		{5B17CDAB-6066-4883-BD8A-5D61B36EF97B}.Debug|Any CPU.Build.0 = Debug|Any CPU
		{5B17CDAB-6066-4883-BD8A-5D61B36EF97B}.Release|Any CPU.ActiveCfg = Release|Any CPU
		{5B17CDAB-6066-4883-BD8A-5D61B36EF97B}.Release|Any CPU.Build.0 = Release|Any CPU
		{F82CF68B-AF0B-40F3-B18F-A365C47239B7}.Debug|Any CPU.ActiveCfg = Debug|Any CPU
		{F82CF68B-AF0B-40F3-B18F-A365C47239B7}.Debug|Any CPU.Build.0 = Debug|Any CPU
		{F82CF68B-AF0B-40F3-B18F-A365C47239B7}.Release|Any CPU.ActiveCfg = Release|Any CPU
		{F82CF68B-AF0B-40F3-B18F-A365C47239B7}.Release|Any CPU.Build.0 = Release|Any CPU
	EndGlobalSection
	GlobalSection(SolutionProperties) = preSolution
		HideSolutionNode = FALSE
	EndGlobalSection
	GlobalSection(ExtensibilityGlobals) = postSolution
		SolutionGuid = {471EC5F9-9A65-4CF6-8C5F-1B1431239AB5}
	EndGlobalSection
EndGlobal
