
Microsoft Visual Studio Solution File, Format Version 12.00
# Visual Studio Version 17
VisualStudioVersion = 17.3.32929.385
MinimumVisualStudioVersion = 10.0.40219.1
Project("{9A19103F-16F7-4668-BE54-9A1E7A4F7556}") = "Rabbit.Producer", "Test\Rabbit.Producer\Rabbit.Producer.csproj", "{5B17CDAB-6066-4883-BD8A-5D61B36EF97B}"
EndProject
Project("{9A19103F-16F7-4668-BE54-9A1E7A4F7556}") = "Rabbit.Consumer", "Test\Rabbit.Consumer\Rabbit.Consumer.csproj", "{F82CF68B-AF0B-40F3-B18F-A365C47239B7}"
EndProject
Project("{2150E333-8FDC-42A3-9474-1A3956D46DE8}") = "Test", "Test", "{82687EF3-5F09-41F2-9F02-B9637C1810A3}"
EndProject
Project("{2150E333-8FDC-42A3-9474-1A3956D46DE8}") = "Microservices", "Microservices", "{53FDDDE0-185F-4294-934D-8CA029D61711}"
EndProject
Project("{2150E333-8FDC-42A3-9474-1A3956D46DE8}") = "Domain", "Domain", "{4B7A08AF-7EB6-4452-8DA0-AD159B26280C}"
EndProject
Project("{2150E333-8FDC-42A3-9474-1A3956D46DE8}") = "Infrastructure.Bus", "Infrastructure.Bus", "{8AAB3463-3F2A-4107-8CE8-E1294B48A0F0}"
EndProject
Project("{2150E333-8FDC-42A3-9474-1A3956D46DE8}") = "Infrastructure.Ioc", "Infrastructure.Ioc", "{3F400BE3-4055-4C46-AE53-D18F18EFE2D1}"
EndProject
Project("{2150E333-8FDC-42A3-9474-1A3956D46DE8}") = "Presentation", "Presentation", "{3B64E763-5FB8-403B-94CF-29D0BF35ECB5}"
EndProject
Project("{9A19103F-16F7-4668-BE54-9A1E7A4F7556}") = "Rabbit.Domain.Core", "Domain\Rabbit.Domain.Core\Rabbit.Domain.Core.csproj", "{62B79C6B-214C-45B9-B365-3B45069288BA}"
EndProject
Project("{9A19103F-16F7-4668-BE54-9A1E7A4F7556}") = "Rabbit.Infrastructure.Bus", "Infrastructure.Bus\Rabbit.Infrastructure.Bus\Rabbit.Infrastructure.Bus.csproj", "{61579265-D734-41D7-B642-D57810E7C8B3}"
EndProject
Project("{9A19103F-16F7-4668-BE54-9A1E7A4F7556}") = "Rabbit.Infrastructure.Ioc", "Infrastructure.Ioc\Rabbit.Infrastructure.Ioc\Rabbit.Infrastructure.Ioc.csproj", "{E6FE9A82-1EB3-4C16-8E5D-03F8276B4792}"
EndProject
Project("{2150E333-8FDC-42A3-9474-1A3956D46DE8}") = "Banking", "Banking", "{D137CC7C-DE5D-4D98-8F8B-BEFAE9BD045D}"
EndProject
Project("{2150E333-8FDC-42A3-9474-1A3956D46DE8}") = "Api", "Api", "{78071B59-72D3-44EC-950A-A133971F6DE7}"
EndProject
Project("{2150E333-8FDC-42A3-9474-1A3956D46DE8}") = "Domain", "Domain", "{6D280448-E683-4822-B5F9-538272448769}"
EndProject
Project("{2150E333-8FDC-42A3-9474-1A3956D46DE8}") = "Data", "Data", "{2271D8E3-88EE-49D8-8DAD-F23B0A4D99F4}"
EndProject
Project("{2150E333-8FDC-42A3-9474-1A3956D46DE8}") = "Application", "Application", "{E641D5C9-DEB5-4338-8DB9-A6E01F06A26A}"
EndProject
Project("{FAE04EC0-301F-11D3-BF4B-00C04F79EFBC}") = "Rabbit.Banking.Api", "Microservices\Banking\Api\Rabbit.Banking.Api\Rabbit.Banking.Api.csproj", "{C2EACBB8-54B7-4512-8CB6-76D2D72B83F3}"
EndProject
Project("{FAE04EC0-301F-11D3-BF4B-00C04F79EFBC}") = "Rabbit.Banking.Application", "Microservices\Banking\Application\Rabbit.Banking.Application\Rabbit.Banking.Application.csproj", "{8A9E5626-EEF2-4D60-ADFD-4DBB224A7816}"
EndProject
Project("{FAE04EC0-301F-11D3-BF4B-00C04F79EFBC}") = "Rabbit.Banking.Data", "Microservices\Banking\Data\Rabbit.Banking.Data\Rabbit.Banking.Data.csproj", "{77F3C2A3-BC40-4D29-ABDA-99EFE6B0E00B}"
EndProject
Project("{FAE04EC0-301F-11D3-BF4B-00C04F79EFBC}") = "Rabbit.Banking.Domain", "Microservices\Banking\Domain\Rabbit.Banking.Domain\Rabbit.Banking.Domain.csproj", "{09EFFF90-6E9A-4D90-B0F7-8BBB62EC3756}"
EndProject
Global
	GlobalSection(SolutionConfigurationPlatforms) = preSolution
		Debug|Any CPU = Debug|Any CPU
		Release|Any CPU = Release|Any CPU
	EndGlobalSection
	GlobalSection(ProjectConfigurationPlatforms) = postSolution
		{5B17CDAB-6066-4883-BD8A-5D61B36EF97B}.Debug|Any CPU.ActiveCfg = Debug|Any CPU
		{5B17CDAB-6066-4883-BD8A-5D61B36EF97B}.Debug|Any CPU.Build.0 = Debug|Any CPU
		{5B17CDAB-6066-4883-BD8A-5D61B36EF97B}.Release|Any CPU.ActiveCfg = Release|Any CPU
		{5B17CDAB-6066-4883-BD8A-5D61B36EF97B}.Release|Any CPU.Build.0 = Release|Any CPU
		{F82CF68B-AF0B-40F3-B18F-A365C47239B7}.Debug|Any CPU.ActiveCfg = Debug|Any CPU
		{F82CF68B-AF0B-40F3-B18F-A365C47239B7}.Debug|Any CPU.Build.0 = Debug|Any CPU
		{F82CF68B-AF0B-40F3-B18F-A365C47239B7}.Release|Any CPU.ActiveCfg = Release|Any CPU
		{F82CF68B-AF0B-40F3-B18F-A365C47239B7}.Release|Any CPU.Build.0 = Release|Any CPU
		{62B79C6B-214C-45B9-B365-3B45069288BA}.Debug|Any CPU.ActiveCfg = Debug|Any CPU
		{62B79C6B-214C-45B9-B365-3B45069288BA}.Debug|Any CPU.Build.0 = Debug|Any CPU
		{62B79C6B-214C-45B9-B365-3B45069288BA}.Release|Any CPU.ActiveCfg = Release|Any CPU
		{62B79C6B-214C-45B9-B365-3B45069288BA}.Release|Any CPU.Build.0 = Release|Any CPU
		{61579265-D734-41D7-B642-D57810E7C8B3}.Debug|Any CPU.ActiveCfg = Debug|Any CPU
		{61579265-D734-41D7-B642-D57810E7C8B3}.Debug|Any CPU.Build.0 = Debug|Any CPU
		{61579265-D734-41D7-B642-D57810E7C8B3}.Release|Any CPU.ActiveCfg = Release|Any CPU
		{61579265-D734-41D7-B642-D57810E7C8B3}.Release|Any CPU.Build.0 = Release|Any CPU
		{E6FE9A82-1EB3-4C16-8E5D-03F8276B4792}.Debug|Any CPU.ActiveCfg = Debug|Any CPU
		{E6FE9A82-1EB3-4C16-8E5D-03F8276B4792}.Debug|Any CPU.Build.0 = Debug|Any CPU
		{E6FE9A82-1EB3-4C16-8E5D-03F8276B4792}.Release|Any CPU.ActiveCfg = Release|Any CPU
		{E6FE9A82-1EB3-4C16-8E5D-03F8276B4792}.Release|Any CPU.Build.0 = Release|Any CPU
		{C2EACBB8-54B7-4512-8CB6-76D2D72B83F3}.Debug|Any CPU.ActiveCfg = Debug|Any CPU
		{C2EACBB8-54B7-4512-8CB6-76D2D72B83F3}.Debug|Any CPU.Build.0 = Debug|Any CPU
		{C2EACBB8-54B7-4512-8CB6-76D2D72B83F3}.Release|Any CPU.ActiveCfg = Release|Any CPU
		{C2EACBB8-54B7-4512-8CB6-76D2D72B83F3}.Release|Any CPU.Build.0 = Release|Any CPU
		{8A9E5626-EEF2-4D60-ADFD-4DBB224A7816}.Debug|Any CPU.ActiveCfg = Debug|Any CPU
		{8A9E5626-EEF2-4D60-ADFD-4DBB224A7816}.Debug|Any CPU.Build.0 = Debug|Any CPU
		{8A9E5626-EEF2-4D60-ADFD-4DBB224A7816}.Release|Any CPU.ActiveCfg = Release|Any CPU
		{8A9E5626-EEF2-4D60-ADFD-4DBB224A7816}.Release|Any CPU.Build.0 = Release|Any CPU
		{77F3C2A3-BC40-4D29-ABDA-99EFE6B0E00B}.Debug|Any CPU.ActiveCfg = Debug|Any CPU
		{77F3C2A3-BC40-4D29-ABDA-99EFE6B0E00B}.Debug|Any CPU.Build.0 = Debug|Any CPU
		{77F3C2A3-BC40-4D29-ABDA-99EFE6B0E00B}.Release|Any CPU.ActiveCfg = Release|Any CPU
		{77F3C2A3-BC40-4D29-ABDA-99EFE6B0E00B}.Release|Any CPU.Build.0 = Release|Any CPU
		{09EFFF90-6E9A-4D90-B0F7-8BBB62EC3756}.Debug|Any CPU.ActiveCfg = Debug|Any CPU
		{09EFFF90-6E9A-4D90-B0F7-8BBB62EC3756}.Debug|Any CPU.Build.0 = Debug|Any CPU
		{09EFFF90-6E9A-4D90-B0F7-8BBB62EC3756}.Release|Any CPU.ActiveCfg = Release|Any CPU
		{09EFFF90-6E9A-4D90-B0F7-8BBB62EC3756}.Release|Any CPU.Build.0 = Release|Any CPU
	EndGlobalSection
	GlobalSection(SolutionProperties) = preSolution
		HideSolutionNode = FALSE
	EndGlobalSection
	GlobalSection(NestedProjects) = preSolution
		{5B17CDAB-6066-4883-BD8A-5D61B36EF97B} = {82687EF3-5F09-41F2-9F02-B9637C1810A3}
		{F82CF68B-AF0B-40F3-B18F-A365C47239B7} = {82687EF3-5F09-41F2-9F02-B9637C1810A3}
		{62B79C6B-214C-45B9-B365-3B45069288BA} = {4B7A08AF-7EB6-4452-8DA0-AD159B26280C}
		{61579265-D734-41D7-B642-D57810E7C8B3} = {8AAB3463-3F2A-4107-8CE8-E1294B48A0F0}
		{E6FE9A82-1EB3-4C16-8E5D-03F8276B4792} = {3F400BE3-4055-4C46-AE53-D18F18EFE2D1}
		{D137CC7C-DE5D-4D98-8F8B-BEFAE9BD045D} = {53FDDDE0-185F-4294-934D-8CA029D61711}
		{78071B59-72D3-44EC-950A-A133971F6DE7} = {D137CC7C-DE5D-4D98-8F8B-BEFAE9BD045D}
		{6D280448-E683-4822-B5F9-538272448769} = {D137CC7C-DE5D-4D98-8F8B-BEFAE9BD045D}
		{2271D8E3-88EE-49D8-8DAD-F23B0A4D99F4} = {D137CC7C-DE5D-4D98-8F8B-BEFAE9BD045D}
		{E641D5C9-DEB5-4338-8DB9-A6E01F06A26A} = {D137CC7C-DE5D-4D98-8F8B-BEFAE9BD045D}
		{C2EACBB8-54B7-4512-8CB6-76D2D72B83F3} = {78071B59-72D3-44EC-950A-A133971F6DE7}
		{8A9E5626-EEF2-4D60-ADFD-4DBB224A7816} = {E641D5C9-DEB5-4338-8DB9-A6E01F06A26A}
		{77F3C2A3-BC40-4D29-ABDA-99EFE6B0E00B} = {2271D8E3-88EE-49D8-8DAD-F23B0A4D99F4}
		{09EFFF90-6E9A-4D90-B0F7-8BBB62EC3756} = {6D280448-E683-4822-B5F9-538272448769}
	EndGlobalSection
	GlobalSection(ExtensibilityGlobals) = postSolution
		SolutionGuid = {471EC5F9-9A65-4CF6-8C5F-1B1431239AB5}
	EndGlobalSection
EndGlobal
